
Microsoft Visual Studio Solution File, Format Version 12.00
# Visual Studio Version 16
VisualStudioVersion = 16.0.30907.101
MinimumVisualStudioVersion = 10.0.40219.1
Project("{2150E333-8FDC-42A3-9474-1A3956D46DE8}") = "Services", "Services", "{F8AB2894-56FC-436C-8020-2F5659FABBB8}"
EndProject
Project("{2150E333-8FDC-42A3-9474-1A3956D46DE8}") = "Shared", "Shared", "{628E8385-8AC1-4041-9E09-D71769B6A856}"
EndProject
Project("{2150E333-8FDC-42A3-9474-1A3956D46DE8}") = "Gateway", "Gateway", "{16180452-9D66-4286-8886-D1FD461B16D6}"
EndProject
Project("{2150E333-8FDC-42A3-9474-1A3956D46DE8}") = "Identity", "Identity", "{C85EF940-C61A-4CA2-BD55-CF9FF27B09AA}"
EndProject
Project("{9A19103F-16F7-4668-BE54-9A1E7A4F7556}") = "bs.gateway.api", "bs.gateway.api\bs.gateway.api.csproj", "{01100E7F-55B6-491A-9D16-AC2F21AACAB0}"
EndProject
Project("{9A19103F-16F7-4668-BE54-9A1E7A4F7556}") = "bs.identity.api", "bs.identity.api\bs.identity.api.csproj", "{07EC6DA6-F962-4C9D-A37B-7E0812AD67E4}"
EndProject
Project("{9A19103F-16F7-4668-BE54-9A1E7A4F7556}") = "bs.component.sharedkernal", "bs.component.sharedkernal\bs.component.sharedkernal.csproj", "{373631F1-70EA-4C6B-A1D6-7A19CD22D0EA}"
EndProject
Project("{9A19103F-16F7-4668-BE54-9A1E7A4F7556}") = "bs.component.core", "bs.component.core\bs.component.core.csproj", "{CCFD11A3-B4D0-46BB-9C88-A989041F62E4}"
EndProject
Project("{9A19103F-16F7-4668-BE54-9A1E7A4F7556}") = "bs.identity.infrastructure", "bs.identity.infrastructure\bs.identity.infrastructure.csproj", "{375A7884-32C7-4C1D-A08A-7EFF5E497B08}"
EndProject
Project("{2150E333-8FDC-42A3-9474-1A3956D46DE8}") = "Inventory", "Inventory", "{F5D9E4CF-A79F-471C-843E-718D65CDE19A}"
EndProject
Project("{2150E333-8FDC-42A3-9474-1A3956D46DE8}") = "Notifications", "Notifications", "{7FA0ED3D-33EB-46A2-9810-F6971DA52A84}"
EndProject
Project("{9A19103F-16F7-4668-BE54-9A1E7A4F7556}") = "bs.identity.domain", "bs.identity.domain\bs.identity.domain.csproj", "{24846808-3E2C-4563-910F-03855D9255AB}"
EndProject
Project("{9A19103F-16F7-4668-BE54-9A1E7A4F7556}") = "bs.identity.application", "bs.identity.application\bs.identity.application.csproj", "{8F77CA0F-910A-4818-B0FD-0539A58D7A6A}"
EndProject
Project("{2150E333-8FDC-42A3-9474-1A3956D46DE8}") = "Order", "Order", "{C71F4CF4-F5F7-4653-9794-8B863B310F35}"
EndProject
Project("{2150E333-8FDC-42A3-9474-1A3956D46DE8}") = "Audit", "Audit", "{8892A6B0-6C5D-4EA5-A34A-3551374E5BEB}"
EndProject
Project("{00D1A9C2-B5F0-4AF3-8072-F6C62B433612}") = "bs.identity.Schema", "bs.identity.Schema\bs.identity.Schema.sqlproj", "{7CF7FE9D-E599-4E07-BB6B-AB7B54BDA88B}"
EndProject
Global
	GlobalSection(SolutionConfigurationPlatforms) = preSolution
		Debug|Any CPU = Debug|Any CPU
		Release|Any CPU = Release|Any CPU
	EndGlobalSection
	GlobalSection(ProjectConfigurationPlatforms) = postSolution
		{01100E7F-55B6-491A-9D16-AC2F21AACAB0}.Debug|Any CPU.ActiveCfg = Debug|Any CPU
		{01100E7F-55B6-491A-9D16-AC2F21AACAB0}.Debug|Any CPU.Build.0 = Debug|Any CPU
		{01100E7F-55B6-491A-9D16-AC2F21AACAB0}.Release|Any CPU.ActiveCfg = Release|Any CPU
		{01100E7F-55B6-491A-9D16-AC2F21AACAB0}.Release|Any CPU.Build.0 = Release|Any CPU
		{07EC6DA6-F962-4C9D-A37B-7E0812AD67E4}.Debug|Any CPU.ActiveCfg = Debug|Any CPU
		{07EC6DA6-F962-4C9D-A37B-7E0812AD67E4}.Debug|Any CPU.Build.0 = Debug|Any CPU
		{07EC6DA6-F962-4C9D-A37B-7E0812AD67E4}.Release|Any CPU.ActiveCfg = Release|Any CPU
		{07EC6DA6-F962-4C9D-A37B-7E0812AD67E4}.Release|Any CPU.Build.0 = Release|Any CPU
		{373631F1-70EA-4C6B-A1D6-7A19CD22D0EA}.Debug|Any CPU.ActiveCfg = Debug|Any CPU
		{373631F1-70EA-4C6B-A1D6-7A19CD22D0EA}.Debug|Any CPU.Build.0 = Debug|Any CPU
		{373631F1-70EA-4C6B-A1D6-7A19CD22D0EA}.Release|Any CPU.ActiveCfg = Release|Any CPU
		{373631F1-70EA-4C6B-A1D6-7A19CD22D0EA}.Release|Any CPU.Build.0 = Release|Any CPU
		{CCFD11A3-B4D0-46BB-9C88-A989041F62E4}.Debug|Any CPU.ActiveCfg = Debug|Any CPU
		{CCFD11A3-B4D0-46BB-9C88-A989041F62E4}.Debug|Any CPU.Build.0 = Debug|Any CPU
		{CCFD11A3-B4D0-46BB-9C88-A989041F62E4}.Release|Any CPU.ActiveCfg = Release|Any CPU
		{CCFD11A3-B4D0-46BB-9C88-A989041F62E4}.Release|Any CPU.Build.0 = Release|Any CPU
		{375A7884-32C7-4C1D-A08A-7EFF5E497B08}.Debug|Any CPU.ActiveCfg = Debug|Any CPU
		{375A7884-32C7-4C1D-A08A-7EFF5E497B08}.Debug|Any CPU.Build.0 = Debug|Any CPU
		{375A7884-32C7-4C1D-A08A-7EFF5E497B08}.Release|Any CPU.ActiveCfg = Release|Any CPU
		{375A7884-32C7-4C1D-A08A-7EFF5E497B08}.Release|Any CPU.Build.0 = Release|Any CPU
		{24846808-3E2C-4563-910F-03855D9255AB}.Debug|Any CPU.ActiveCfg = Debug|Any CPU
		{24846808-3E2C-4563-910F-03855D9255AB}.Debug|Any CPU.Build.0 = Debug|Any CPU
		{24846808-3E2C-4563-910F-03855D9255AB}.Release|Any CPU.ActiveCfg = Release|Any CPU
		{24846808-3E2C-4563-910F-03855D9255AB}.Release|Any CPU.Build.0 = Release|Any CPU
		{8F77CA0F-910A-4818-B0FD-0539A58D7A6A}.Debug|Any CPU.ActiveCfg = Debug|Any CPU
		{8F77CA0F-910A-4818-B0FD-0539A58D7A6A}.Debug|Any CPU.Build.0 = Debug|Any CPU
		{8F77CA0F-910A-4818-B0FD-0539A58D7A6A}.Release|Any CPU.ActiveCfg = Release|Any CPU
		{8F77CA0F-910A-4818-B0FD-0539A58D7A6A}.Release|Any CPU.Build.0 = Release|Any CPU
		{7CF7FE9D-E599-4E07-BB6B-AB7B54BDA88B}.Debug|Any CPU.ActiveCfg = Debug|Any CPU
		{7CF7FE9D-E599-4E07-BB6B-AB7B54BDA88B}.Debug|Any CPU.Build.0 = Debug|Any CPU
		{7CF7FE9D-E599-4E07-BB6B-AB7B54BDA88B}.Debug|Any CPU.Deploy.0 = Debug|Any CPU
		{7CF7FE9D-E599-4E07-BB6B-AB7B54BDA88B}.Release|Any CPU.ActiveCfg = Release|Any CPU
		{7CF7FE9D-E599-4E07-BB6B-AB7B54BDA88B}.Release|Any CPU.Build.0 = Release|Any CPU
		{7CF7FE9D-E599-4E07-BB6B-AB7B54BDA88B}.Release|Any CPU.Deploy.0 = Release|Any CPU
	EndGlobalSection
	GlobalSection(SolutionProperties) = preSolution
		HideSolutionNode = FALSE
	EndGlobalSection
	GlobalSection(NestedProjects) = preSolution
		{16180452-9D66-4286-8886-D1FD461B16D6} = {F8AB2894-56FC-436C-8020-2F5659FABBB8}
		{C85EF940-C61A-4CA2-BD55-CF9FF27B09AA} = {F8AB2894-56FC-436C-8020-2F5659FABBB8}
		{01100E7F-55B6-491A-9D16-AC2F21AACAB0} = {16180452-9D66-4286-8886-D1FD461B16D6}
		{07EC6DA6-F962-4C9D-A37B-7E0812AD67E4} = {C85EF940-C61A-4CA2-BD55-CF9FF27B09AA}
		{373631F1-70EA-4C6B-A1D6-7A19CD22D0EA} = {628E8385-8AC1-4041-9E09-D71769B6A856}
		{CCFD11A3-B4D0-46BB-9C88-A989041F62E4} = {628E8385-8AC1-4041-9E09-D71769B6A856}
		{375A7884-32C7-4C1D-A08A-7EFF5E497B08} = {C85EF940-C61A-4CA2-BD55-CF9FF27B09AA}
		{F5D9E4CF-A79F-471C-843E-718D65CDE19A} = {F8AB2894-56FC-436C-8020-2F5659FABBB8}
		{7FA0ED3D-33EB-46A2-9810-F6971DA52A84} = {F8AB2894-56FC-436C-8020-2F5659FABBB8}
		{24846808-3E2C-4563-910F-03855D9255AB} = {C85EF940-C61A-4CA2-BD55-CF9FF27B09AA}
		{8F77CA0F-910A-4818-B0FD-0539A58D7A6A} = {C85EF940-C61A-4CA2-BD55-CF9FF27B09AA}
		{C71F4CF4-F5F7-4653-9794-8B863B310F35} = {F8AB2894-56FC-436C-8020-2F5659FABBB8}
		{8892A6B0-6C5D-4EA5-A34A-3551374E5BEB} = {F8AB2894-56FC-436C-8020-2F5659FABBB8}
		{7CF7FE9D-E599-4E07-BB6B-AB7B54BDA88B} = {C85EF940-C61A-4CA2-BD55-CF9FF27B09AA}
	EndGlobalSection
	GlobalSection(ExtensibilityGlobals) = postSolution
		SolutionGuid = {2D04EA36-5992-4C97-B8AD-0C70BBBB8466}
	EndGlobalSection
EndGlobal
