
Microsoft Visual Studio Solution File, Format Version 12.00
# Visual Studio Version 16
VisualStudioVersion = 16.0.30907.101
MinimumVisualStudioVersion = 10.0.40219.1
Project("{2150E333-8FDC-42A3-9474-1A3956D46DE8}") = "Services", "Services", "{F8AB2894-56FC-436C-8020-2F5659FABBB8}"
EndProject
Project("{2150E333-8FDC-42A3-9474-1A3956D46DE8}") = "Common", "Common", "{628E8385-8AC1-4041-9E09-D71769B6A856}"
EndProject
Project("{2150E333-8FDC-42A3-9474-1A3956D46DE8}") = "Gateway", "Gateway", "{16180452-9D66-4286-8886-D1FD461B16D6}"
EndProject
Project("{2150E333-8FDC-42A3-9474-1A3956D46DE8}") = "Identity", "Identity", "{C85EF940-C61A-4CA2-BD55-CF9FF27B09AA}"
EndProject
Project("{2150E333-8FDC-42A3-9474-1A3956D46DE8}") = "Lookup", "Lookup", "{7187A3FE-1810-4E29-9B3F-AC298FAC9A3C}"
EndProject
Project("{9A19103F-16F7-4668-BE54-9A1E7A4F7556}") = "bs.gateway.api", "bs.gateway.api\bs.gateway.api.csproj", "{01100E7F-55B6-491A-9D16-AC2F21AACAB0}"
EndProject
Project("{9A19103F-16F7-4668-BE54-9A1E7A4F7556}") = "bs.identity.api", "bs.identity.api\bs.identity.api.csproj", "{07EC6DA6-F962-4C9D-A37B-7E0812AD67E4}"
EndProject
Project("{9A19103F-16F7-4668-BE54-9A1E7A4F7556}") = "bs.lookup.api", "bs.lookup.api\bs.lookup.api.csproj", "{156C82B7-77B0-4C6C-876D-AFFB73C02991}"
EndProject
Project("{9A19103F-16F7-4668-BE54-9A1E7A4F7556}") = "bs.component.sharedkernal", "bs.component.sharedkernal\bs.component.sharedkernal.csproj", "{373631F1-70EA-4C6B-A1D6-7A19CD22D0EA}"
EndProject
Project("{9A19103F-16F7-4668-BE54-9A1E7A4F7556}") = "bs.identity.domain", "bs.identity.domain\bs.identity.domain.csproj", "{79B7C32D-44C9-49EC-A748-A8A882864451}"
EndProject
Project("{9A19103F-16F7-4668-BE54-9A1E7A4F7556}") = "bs.identity.application", "bs.identity.application\bs.identity.application.csproj", "{12823DEB-4A18-4FF9-865A-8B2B045F9B4F}"
EndProject
Project("{9A19103F-16F7-4668-BE54-9A1E7A4F7556}") = "bs.component.core", "bs.component.core\bs.component.core.csproj", "{CCFD11A3-B4D0-46BB-9C88-A989041F62E4}"
EndProject
Project("{9A19103F-16F7-4668-BE54-9A1E7A4F7556}") = "bs.identity.infrastructure", "bs.identity.infrastructure\bs.identity.infrastructure.csproj", "{375A7884-32C7-4C1D-A08A-7EFF5E497B08}"
EndProject
Global
	GlobalSection(SolutionConfigurationPlatforms) = preSolution
		Debug|Any CPU = Debug|Any CPU
		Release|Any CPU = Release|Any CPU
	EndGlobalSection
	GlobalSection(ProjectConfigurationPlatforms) = postSolution
		{01100E7F-55B6-491A-9D16-AC2F21AACAB0}.Debug|Any CPU.ActiveCfg = Debug|Any CPU
		{01100E7F-55B6-491A-9D16-AC2F21AACAB0}.Debug|Any CPU.Build.0 = Debug|Any CPU
		{01100E7F-55B6-491A-9D16-AC2F21AACAB0}.Release|Any CPU.ActiveCfg = Release|Any CPU
		{01100E7F-55B6-491A-9D16-AC2F21AACAB0}.Release|Any CPU.Build.0 = Release|Any CPU
		{07EC6DA6-F962-4C9D-A37B-7E0812AD67E4}.Debug|Any CPU.ActiveCfg = Debug|Any CPU
		{07EC6DA6-F962-4C9D-A37B-7E0812AD67E4}.Debug|Any CPU.Build.0 = Debug|Any CPU
		{07EC6DA6-F962-4C9D-A37B-7E0812AD67E4}.Release|Any CPU.ActiveCfg = Release|Any CPU
		{07EC6DA6-F962-4C9D-A37B-7E0812AD67E4}.Release|Any CPU.Build.0 = Release|Any CPU
		{156C82B7-77B0-4C6C-876D-AFFB73C02991}.Debug|Any CPU.ActiveCfg = Debug|Any CPU
		{156C82B7-77B0-4C6C-876D-AFFB73C02991}.Debug|Any CPU.Build.0 = Debug|Any CPU
		{156C82B7-77B0-4C6C-876D-AFFB73C02991}.Release|Any CPU.ActiveCfg = Release|Any CPU
		{156C82B7-77B0-4C6C-876D-AFFB73C02991}.Release|Any CPU.Build.0 = Release|Any CPU
		{373631F1-70EA-4C6B-A1D6-7A19CD22D0EA}.Debug|Any CPU.ActiveCfg = Debug|Any CPU
		{373631F1-70EA-4C6B-A1D6-7A19CD22D0EA}.Debug|Any CPU.Build.0 = Debug|Any CPU
		{373631F1-70EA-4C6B-A1D6-7A19CD22D0EA}.Release|Any CPU.ActiveCfg = Release|Any CPU
		{373631F1-70EA-4C6B-A1D6-7A19CD22D0EA}.Release|Any CPU.Build.0 = Release|Any CPU
		{79B7C32D-44C9-49EC-A748-A8A882864451}.Debug|Any CPU.ActiveCfg = Debug|Any CPU
		{79B7C32D-44C9-49EC-A748-A8A882864451}.Debug|Any CPU.Build.0 = Debug|Any CPU
		{79B7C32D-44C9-49EC-A748-A8A882864451}.Release|Any CPU.ActiveCfg = Release|Any CPU
		{79B7C32D-44C9-49EC-A748-A8A882864451}.Release|Any CPU.Build.0 = Release|Any CPU
		{12823DEB-4A18-4FF9-865A-8B2B045F9B4F}.Debug|Any CPU.ActiveCfg = Debug|Any CPU
		{12823DEB-4A18-4FF9-865A-8B2B045F9B4F}.Debug|Any CPU.Build.0 = Debug|Any CPU
		{12823DEB-4A18-4FF9-865A-8B2B045F9B4F}.Release|Any CPU.ActiveCfg = Release|Any CPU
		{12823DEB-4A18-4FF9-865A-8B2B045F9B4F}.Release|Any CPU.Build.0 = Release|Any CPU
		{CCFD11A3-B4D0-46BB-9C88-A989041F62E4}.Debug|Any CPU.ActiveCfg = Debug|Any CPU
		{CCFD11A3-B4D0-46BB-9C88-A989041F62E4}.Debug|Any CPU.Build.0 = Debug|Any CPU
		{CCFD11A3-B4D0-46BB-9C88-A989041F62E4}.Release|Any CPU.ActiveCfg = Release|Any CPU
		{CCFD11A3-B4D0-46BB-9C88-A989041F62E4}.Release|Any CPU.Build.0 = Release|Any CPU
		{375A7884-32C7-4C1D-A08A-7EFF5E497B08}.Debug|Any CPU.ActiveCfg = Debug|Any CPU
		{375A7884-32C7-4C1D-A08A-7EFF5E497B08}.Debug|Any CPU.Build.0 = Debug|Any CPU
		{375A7884-32C7-4C1D-A08A-7EFF5E497B08}.Release|Any CPU.ActiveCfg = Release|Any CPU
		{375A7884-32C7-4C1D-A08A-7EFF5E497B08}.Release|Any CPU.Build.0 = Release|Any CPU
	EndGlobalSection
	GlobalSection(SolutionProperties) = preSolution
		HideSolutionNode = FALSE
	EndGlobalSection
	GlobalSection(NestedProjects) = preSolution
		{16180452-9D66-4286-8886-D1FD461B16D6} = {F8AB2894-56FC-436C-8020-2F5659FABBB8}
		{C85EF940-C61A-4CA2-BD55-CF9FF27B09AA} = {F8AB2894-56FC-436C-8020-2F5659FABBB8}
		{7187A3FE-1810-4E29-9B3F-AC298FAC9A3C} = {F8AB2894-56FC-436C-8020-2F5659FABBB8}
		{01100E7F-55B6-491A-9D16-AC2F21AACAB0} = {16180452-9D66-4286-8886-D1FD461B16D6}
		{07EC6DA6-F962-4C9D-A37B-7E0812AD67E4} = {C85EF940-C61A-4CA2-BD55-CF9FF27B09AA}
		{156C82B7-77B0-4C6C-876D-AFFB73C02991} = {7187A3FE-1810-4E29-9B3F-AC298FAC9A3C}
		{373631F1-70EA-4C6B-A1D6-7A19CD22D0EA} = {628E8385-8AC1-4041-9E09-D71769B6A856}
		{79B7C32D-44C9-49EC-A748-A8A882864451} = {C85EF940-C61A-4CA2-BD55-CF9FF27B09AA}
		{12823DEB-4A18-4FF9-865A-8B2B045F9B4F} = {C85EF940-C61A-4CA2-BD55-CF9FF27B09AA}
		{CCFD11A3-B4D0-46BB-9C88-A989041F62E4} = {628E8385-8AC1-4041-9E09-D71769B6A856}
		{375A7884-32C7-4C1D-A08A-7EFF5E497B08} = {C85EF940-C61A-4CA2-BD55-CF9FF27B09AA}
	EndGlobalSection
	GlobalSection(ExtensibilityGlobals) = postSolution
		SolutionGuid = {2D04EA36-5992-4C97-B8AD-0C70BBBB8466}
	EndGlobalSection
EndGlobal
